// !$*UTF8*$!
{
	archiveVersion = 1;
	classes = {
	};
	objectVersion = 46;
	objects = {

/* Begin PBXBuildFile section */
		788ACBAA1F682F4A0054DD4C /* main.m in Sources */ = {isa = PBXBuildFile; fileRef = 788ACBA91F682F4A0054DD4C /* main.m */; };
		788ACBAD1F682F4A0054DD4C /* AppDelegate.m in Sources */ = {isa = PBXBuildFile; fileRef = 788ACBAC1F682F4A0054DD4C /* AppDelegate.m */; };
		788ACBB01F682F4A0054DD4C /* ViewController.m in Sources */ = {isa = PBXBuildFile; fileRef = 788ACBAF1F682F4A0054DD4C /* ViewController.m */; };
		788ACBB31F682F4A0054DD4C /* Main.storyboard in Resources */ = {isa = PBXBuildFile; fileRef = 788ACBB11F682F4A0054DD4C /* Main.storyboard */; };
		788ACBB51F682F4A0054DD4C /* Assets.xcassets in Resources */ = {isa = PBXBuildFile; fileRef = 788ACBB41F682F4A0054DD4C /* Assets.xcassets */; };
		788ACBB81F682F4A0054DD4C /* LaunchScreen.storyboard in Resources */ = {isa = PBXBuildFile; fileRef = 788ACBB61F682F4A0054DD4C /* LaunchScreen.storyboard */; };
		788ACBC31F682F4A0054DD4C /* AJLineBarChartTests.m in Sources */ = {isa = PBXBuildFile; fileRef = 788ACBC21F682F4A0054DD4C /* AJLineBarChartTests.m */; };
		788ACBCE1F682F4A0054DD4C /* AJLineBarChartUITests.m in Sources */ = {isa = PBXBuildFile; fileRef = 788ACBCD1F682F4A0054DD4C /* AJLineBarChartUITests.m */; };
		788ACF661F682F830054DD4C /* ZZLineBarChart.m in Sources */ = {isa = PBXBuildFile; fileRef = 788ACF631F682F830054DD4C /* ZZLineBarChart.m */; };
		788ACF671F682F830054DD4C /* LLLayer.m in Sources */ = {isa = PBXBuildFile; fileRef = 788ACF651F682F830054DD4C /* LLLayer.m */; };
/* End PBXBuildFile section */

/* Begin PBXContainerItemProxy section */
		788ACBBF1F682F4A0054DD4C /* PBXContainerItemProxy */ = {
			isa = PBXContainerItemProxy;
			containerPortal = 788ACB9D1F682F490054DD4C /* Project object */;
			proxyType = 1;
			remoteGlobalIDString = 788ACBA41F682F4A0054DD4C;
			remoteInfo = AJLineBarChart;
		};
		788ACBCA1F682F4A0054DD4C /* PBXContainerItemProxy */ = {
			isa = PBXContainerItemProxy;
			containerPortal = 788ACB9D1F682F490054DD4C /* Project object */;
			proxyType = 1;
			remoteGlobalIDString = 788ACBA41F682F4A0054DD4C;
			remoteInfo = AJLineBarChart;
		};
/* End PBXContainerItemProxy section */

/* Begin PBXFileReference section */
		788ACBA51F682F4A0054DD4C /* AJLineBarChart.app */ = {isa = PBXFileReference; explicitFileType = wrapper.application; includeInIndex = 0; path = AJLineBarChart.app; sourceTree = BUILT_PRODUCTS_DIR; };
		788ACBA91F682F4A0054DD4C /* main.m */ = {isa = PBXFileReference; lastKnownFileType = sourcecode.c.objc; path = main.m; sourceTree = "<group>"; };
		788ACBAB1F682F4A0054DD4C /* AppDelegate.h */ = {isa = PBXFileReference; lastKnownFileType = sourcecode.c.h; path = AppDelegate.h; sourceTree = "<group>"; };
		788ACBAC1F682F4A0054DD4C /* AppDelegate.m */ = {isa = PBXFileReference; lastKnownFileType = sourcecode.c.objc; path = AppDelegate.m; sourceTree = "<group>"; };
		788ACBAE1F682F4A0054DD4C /* ViewController.h */ = {isa = PBXFileReference; lastKnownFileType = sourcecode.c.h; path = ViewController.h; sourceTree = "<group>"; };
		788ACBAF1F682F4A0054DD4C /* ViewController.m */ = {isa = PBXFileReference; lastKnownFileType = sourcecode.c.objc; path = ViewController.m; sourceTree = "<group>"; };
		788ACBB21F682F4A0054DD4C /* Base */ = {isa = PBXFileReference; lastKnownFileType = file.storyboard; name = Base; path = Base.lproj/Main.storyboard; sourceTree = "<group>"; };
		788ACBB41F682F4A0054DD4C /* Assets.xcassets */ = {isa = PBXFileReference; lastKnownFileType = folder.assetcatalog; path = Assets.xcassets; sourceTree = "<group>"; };
		788ACBB71F682F4A0054DD4C /* Base */ = {isa = PBXFileReference; lastKnownFileType = file.storyboard; name = Base; path = Base.lproj/LaunchScreen.storyboard; sourceTree = "<group>"; };
		788ACBB91F682F4A0054DD4C /* Info.plist */ = {isa = PBXFileReference; lastKnownFileType = text.plist.xml; path = Info.plist; sourceTree = "<group>"; };
		788ACBBE1F682F4A0054DD4C /* AJLineBarChartTests.xctest */ = {isa = PBXFileReference; explicitFileType = wrapper.cfbundle; includeInIndex = 0; path = AJLineBarChartTests.xctest; sourceTree = BUILT_PRODUCTS_DIR; };
		788ACBC21F682F4A0054DD4C /* AJLineBarChartTests.m */ = {isa = PBXFileReference; lastKnownFileType = sourcecode.c.objc; path = AJLineBarChartTests.m; sourceTree = "<group>"; };
		788ACBC41F682F4A0054DD4C /* Info.plist */ = {isa = PBXFileReference; lastKnownFileType = text.plist.xml; path = Info.plist; sourceTree = "<group>"; };
		788ACBC91F682F4A0054DD4C /* AJLineBarChartUITests.xctest */ = {isa = PBXFileReference; explicitFileType = wrapper.cfbundle; includeInIndex = 0; path = AJLineBarChartUITests.xctest; sourceTree = BUILT_PRODUCTS_DIR; };
		788ACBCD1F682F4A0054DD4C /* AJLineBarChartUITests.m */ = {isa = PBXFileReference; lastKnownFileType = sourcecode.c.objc; path = AJLineBarChartUITests.m; sourceTree = "<group>"; };
		788ACBCF1F682F4A0054DD4C /* Info.plist */ = {isa = PBXFileReference; lastKnownFileType = text.plist.xml; path = Info.plist; sourceTree = "<group>"; };
		788ACF621F682F830054DD4C /* ZZLineBarChart.h */ = {isa = PBXFileReference; fileEncoding = 4; lastKnownFileType = sourcecode.c.h; path = ZZLineBarChart.h; sourceTree = "<group>"; };
		788ACF631F682F830054DD4C /* ZZLineBarChart.m */ = {isa = PBXFileReference; fileEncoding = 4; lastKnownFileType = sourcecode.c.objc; path = ZZLineBarChart.m; sourceTree = "<group>"; };
		788ACF641F682F830054DD4C /* LLLayer.h */ = {isa = PBXFileReference; fileEncoding = 4; lastKnownFileType = sourcecode.c.h; path = LLLayer.h; sourceTree = "<group>"; };
		788ACF651F682F830054DD4C /* LLLayer.m */ = {isa = PBXFileReference; fileEncoding = 4; lastKnownFileType = sourcecode.c.objc; path = LLLayer.m; sourceTree = "<group>"; };
/* End PBXFileReference section */

/* Begin PBXFrameworksBuildPhase section */
		788ACBA21F682F4A0054DD4C /* Frameworks */ = {
			isa = PBXFrameworksBuildPhase;
			buildActionMask = 2147483647;
			files = (
			);
			runOnlyForDeploymentPostprocessing = 0;
		};
		788ACBBB1F682F4A0054DD4C /* Frameworks */ = {
			isa = PBXFrameworksBuildPhase;
			buildActionMask = 2147483647;
			files = (
			);
			runOnlyForDeploymentPostprocessing = 0;
		};
		788ACBC61F682F4A0054DD4C /* Frameworks */ = {
			isa = PBXFrameworksBuildPhase;
			buildActionMask = 2147483647;
			files = (
			);
			runOnlyForDeploymentPostprocessing = 0;
		};
/* End PBXFrameworksBuildPhase section */

/* Begin PBXGroup section */
		788ACB9C1F682F490054DD4C = {
			isa = PBXGroup;
			children = (
				788ACBA71F682F4A0054DD4C /* AJLineBarChart */,
				788ACBC11F682F4A0054DD4C /* AJLineBarChartTests */,
				788ACBCC1F682F4A0054DD4C /* AJLineBarChartUITests */,
				788ACBA61F682F4A0054DD4C /* Products */,
			);
			sourceTree = "<group>";
		};
		788ACBA61F682F4A0054DD4C /* Products */ = {
			isa = PBXGroup;
			children = (
				788ACBA51F682F4A0054DD4C /* AJLineBarChart.app */,
				788ACBBE1F682F4A0054DD4C /* AJLineBarChartTests.xctest */,
				788ACBC91F682F4A0054DD4C /* AJLineBarChartUITests.xctest */,
			);
			name = Products;
			sourceTree = "<group>";
		};
		788ACBA71F682F4A0054DD4C /* AJLineBarChart */ = {
			isa = PBXGroup;
			children = (
				788ACF681F682F900054DD4C /* AJLineBarChartView */,
				788ACBAB1F682F4A0054DD4C /* AppDelegate.h */,
				788ACBAC1F682F4A0054DD4C /* AppDelegate.m */,
				788ACBAE1F682F4A0054DD4C /* ViewController.h */,
				788ACBAF1F682F4A0054DD4C /* ViewController.m */,
				788ACBB11F682F4A0054DD4C /* Main.storyboard */,
				788ACBB41F682F4A0054DD4C /* Assets.xcassets */,
				788ACBB61F682F4A0054DD4C /* LaunchScreen.storyboard */,
				788ACBB91F682F4A0054DD4C /* Info.plist */,
				788ACBA81F682F4A0054DD4C /* Supporting Files */,
			);
			path = AJLineBarChart;
			sourceTree = "<group>";
		};
		788ACBA81F682F4A0054DD4C /* Supporting Files */ = {
			isa = PBXGroup;
			children = (
				788ACBA91F682F4A0054DD4C /* main.m */,
			);
			name = "Supporting Files";
			sourceTree = "<group>";
		};
		788ACBC11F682F4A0054DD4C /* AJLineBarChartTests */ = {
			isa = PBXGroup;
			children = (
				788ACBC21F682F4A0054DD4C /* AJLineBarChartTests.m */,
				788ACBC41F682F4A0054DD4C /* Info.plist */,
			);
			path = AJLineBarChartTests;
			sourceTree = "<group>";
		};
		788ACBCC1F682F4A0054DD4C /* AJLineBarChartUITests */ = {
			isa = PBXGroup;
			children = (
				788ACBCD1F682F4A0054DD4C /* AJLineBarChartUITests.m */,
				788ACBCF1F682F4A0054DD4C /* Info.plist */,
			);
			path = AJLineBarChartUITests;
			sourceTree = "<group>";
		};
		788ACF681F682F900054DD4C /* AJLineBarChartView */ = {
			isa = PBXGroup;
			children = (
				788ACF621F682F830054DD4C /* ZZLineBarChart.h */,
				788ACF631F682F830054DD4C /* ZZLineBarChart.m */,
				788ACF641F682F830054DD4C /* LLLayer.h */,
				788ACF651F682F830054DD4C /* LLLayer.m */,
			);
			name = AJLineBarChartView;
			sourceTree = "<group>";
		};
/* End PBXGroup section */

/* Begin PBXNativeTarget section */
		788ACBA41F682F4A0054DD4C /* AJLineBarChart */ = {
			isa = PBXNativeTarget;
			buildConfigurationList = 788ACBD21F682F4A0054DD4C /* Build configuration list for PBXNativeTarget "AJLineBarChart" */;
			buildPhases = (
				788ACBA11F682F4A0054DD4C /* Sources */,
				788ACBA21F682F4A0054DD4C /* Frameworks */,
				788ACBA31F682F4A0054DD4C /* Resources */,
			);
			buildRules = (
			);
			dependencies = (
			);
			name = AJLineBarChart;
			productName = AJLineBarChart;
			productReference = 788ACBA51F682F4A0054DD4C /* AJLineBarChart.app */;
			productType = "com.apple.product-type.application";
		};
		788ACBBD1F682F4A0054DD4C /* AJLineBarChartTests */ = {
			isa = PBXNativeTarget;
			buildConfigurationList = 788ACBD51F682F4A0054DD4C /* Build configuration list for PBXNativeTarget "AJLineBarChartTests" */;
			buildPhases = (
				788ACBBA1F682F4A0054DD4C /* Sources */,
				788ACBBB1F682F4A0054DD4C /* Frameworks */,
				788ACBBC1F682F4A0054DD4C /* Resources */,
			);
			buildRules = (
			);
			dependencies = (
				788ACBC01F682F4A0054DD4C /* PBXTargetDependency */,
			);
			name = AJLineBarChartTests;
			productName = AJLineBarChartTests;
			productReference = 788ACBBE1F682F4A0054DD4C /* AJLineBarChartTests.xctest */;
			productType = "com.apple.product-type.bundle.unit-test";
		};
		788ACBC81F682F4A0054DD4C /* AJLineBarChartUITests */ = {
			isa = PBXNativeTarget;
			buildConfigurationList = 788ACBD81F682F4A0054DD4C /* Build configuration list for PBXNativeTarget "AJLineBarChartUITests" */;
			buildPhases = (
				788ACBC51F682F4A0054DD4C /* Sources */,
				788ACBC61F682F4A0054DD4C /* Frameworks */,
				788ACBC71F682F4A0054DD4C /* Resources */,
			);
			buildRules = (
			);
			dependencies = (
				788ACBCB1F682F4A0054DD4C /* PBXTargetDependency */,
			);
			name = AJLineBarChartUITests;
			productName = AJLineBarChartUITests;
			productReference = 788ACBC91F682F4A0054DD4C /* AJLineBarChartUITests.xctest */;
			productType = "com.apple.product-type.bundle.ui-testing";
		};
/* End PBXNativeTarget section */

/* Begin PBXProject section */
		788ACB9D1F682F490054DD4C /* Project object */ = {
			isa = PBXProject;
			attributes = {
				LastUpgradeCheck = 0830;
				ORGANIZATIONNAME = "Alice Jin";
				TargetAttributes = {
					788ACBA41F682F4A0054DD4C = {
						CreatedOnToolsVersion = 8.3.3;
						DevelopmentTeam = 36DSW7DB5F;
						ProvisioningStyle = Automatic;
					};
					788ACBBD1F682F4A0054DD4C = {
						CreatedOnToolsVersion = 8.3.3;
						DevelopmentTeam = 36DSW7DB5F;
						ProvisioningStyle = Automatic;
						TestTargetID = 788ACBA41F682F4A0054DD4C;
					};
					788ACBC81F682F4A0054DD4C = {
						CreatedOnToolsVersion = 8.3.3;
						DevelopmentTeam = 36DSW7DB5F;
						ProvisioningStyle = Automatic;
						TestTargetID = 788ACBA41F682F4A0054DD4C;
					};
				};
			};
			buildConfigurationList = 788ACBA01F682F490054DD4C /* Build configuration list for PBXProject "AJLineBarChart" */;
			compatibilityVersion = "Xcode 3.2";
			developmentRegion = English;
			hasScannedForEncodings = 0;
			knownRegions = (
				en,
				Base,
				"zh-Hans",
				"zh-Hant",
			);
			mainGroup = 788ACB9C1F682F490054DD4C;
			productRefGroup = 788ACBA61F682F4A0054DD4C /* Products */;
			projectDirPath = "";
			projectRoot = "";
			targets = (
				788ACBA41F682F4A0054DD4C /* AJLineBarChart */,
				788ACBBD1F682F4A0054DD4C /* AJLineBarChartTests */,
				788ACBC81F682F4A0054DD4C /* AJLineBarChartUITests */,
			);
		};
/* End PBXProject section */

/* Begin PBXResourcesBuildPhase section */
		788ACBA31F682F4A0054DD4C /* Resources */ = {
			isa = PBXResourcesBuildPhase;
			buildActionMask = 2147483647;
			files = (
				788ACBB81F682F4A0054DD4C /* LaunchScreen.storyboard in Resources */,
				788ACBB51F682F4A0054DD4C /* Assets.xcassets in Resources */,
				788ACBB31F682F4A0054DD4C /* Main.storyboard in Resources */,
			);
			runOnlyForDeploymentPostprocessing = 0;
		};
		788ACBBC1F682F4A0054DD4C /* Resources */ = {
			isa = PBXResourcesBuildPhase;
			buildActionMask = 2147483647;
			files = (
			);
			runOnlyForDeploymentPostprocessing = 0;
		};
		788ACBC71F682F4A0054DD4C /* Resources */ = {
			isa = PBXResourcesBuildPhase;
			buildActionMask = 2147483647;
			files = (
			);
			runOnlyForDeploymentPostprocessing = 0;
		};
/* End PBXResourcesBuildPhase section */

/* Begin PBXSourcesBuildPhase section */
		788ACBA11F682F4A0054DD4C /* Sources */ = {
			isa = PBXSourcesBuildPhase;
			buildActionMask = 2147483647;
			files = (
				788ACBB01F682F4A0054DD4C /* ViewController.m in Sources */,
				788ACF671F682F830054DD4C /* LLLayer.m in Sources */,
				788ACBAD1F682F4A0054DD4C /* AppDelegate.m in Sources */,
				788ACF661F682F830054DD4C /* ZZLineBarChart.m in Sources */,
				788ACBAA1F682F4A0054DD4C /* main.m in Sources */,
			);
			runOnlyForDeploymentPostprocessing = 0;
		};
		788ACBBA1F682F4A0054DD4C /* Sources */ = {
			isa = PBXSourcesBuildPhase;
			buildActionMask = 2147483647;
			files = (
				788ACBC31F682F4A0054DD4C /* AJLineBarChartTests.m in Sources */,
			);
			runOnlyForDeploymentPostprocessing = 0;
		};
		788ACBC51F682F4A0054DD4C /* Sources */ = {
			isa = PBXSourcesBuildPhase;
			buildActionMask = 2147483647;
			files = (
				788ACBCE1F682F4A0054DD4C /* AJLineBarChartUITests.m in Sources */,
			);
			runOnlyForDeploymentPostprocessing = 0;
		};
/* End PBXSourcesBuildPhase section */

/* Begin PBXTargetDependency section */
		788ACBC01F682F4A0054DD4C /* PBXTargetDependency */ = {
			isa = PBXTargetDependency;
			target = 788ACBA41F682F4A0054DD4C /* AJLineBarChart */;
			targetProxy = 788ACBBF1F682F4A0054DD4C /* PBXContainerItemProxy */;
		};
		788ACBCB1F682F4A0054DD4C /* PBXTargetDependency */ = {
			isa = PBXTargetDependency;
			target = 788ACBA41F682F4A0054DD4C /* AJLineBarChart */;
			targetProxy = 788ACBCA1F682F4A0054DD4C /* PBXContainerItemProxy */;
		};
/* End PBXTargetDependency section */

/* Begin PBXVariantGroup section */
		788ACBB11F682F4A0054DD4C /* Main.storyboard */ = {
			isa = PBXVariantGroup;
			children = (
				788ACBB21F682F4A0054DD4C /* Base */,
			);
			name = Main.storyboard;
			sourceTree = "<group>";
		};
		788ACBB61F682F4A0054DD4C /* LaunchScreen.storyboard */ = {
			isa = PBXVariantGroup;
			children = (
				788ACBB71F682F4A0054DD4C /* Base */,
			);
			name = LaunchScreen.storyboard;
			sourceTree = "<group>";
		};
/* End PBXVariantGroup section */

/* Begin XCBuildConfiguration section */
		788ACBD01F682F4A0054DD4C /* Debug */ = {
			isa = XCBuildConfiguration;
			buildSettings = {
				ALWAYS_SEARCH_USER_PATHS = NO;
				CLANG_ANALYZER_NONNULL = YES;
				CLANG_ANALYZER_NUMBER_OBJECT_CONVERSION = YES_AGGRESSIVE;
				CLANG_CXX_LANGUAGE_STANDARD = "gnu++0x";
				CLANG_CXX_LIBRARY = "libc++";
				CLANG_ENABLE_MODULES = YES;
				CLANG_ENABLE_OBJC_ARC = YES;
				CLANG_WARN_BOOL_CONVERSION = YES;
				CLANG_WARN_CONSTANT_CONVERSION = YES;
				CLANG_WARN_DIRECT_OBJC_ISA_USAGE = YES_ERROR;
				CLANG_WARN_DOCUMENTATION_COMMENTS = YES;
				CLANG_WARN_EMPTY_BODY = YES;
				CLANG_WARN_ENUM_CONVERSION = YES;
				CLANG_WARN_INFINITE_RECURSION = YES;
				CLANG_WARN_INT_CONVERSION = YES;
				CLANG_WARN_OBJC_ROOT_CLASS = YES_ERROR;
				CLANG_WARN_SUSPICIOUS_MOVE = YES;
				CLANG_WARN_UNREACHABLE_CODE = YES;
				CLANG_WARN__DUPLICATE_METHOD_MATCH = YES;
				"CODE_SIGN_IDENTITY[sdk=iphoneos*]" = "iPhone Developer";
				COPY_PHASE_STRIP = NO;
				DEBUG_INFORMATION_FORMAT = dwarf;
				ENABLE_STRICT_OBJC_MSGSEND = YES;
				ENABLE_TESTABILITY = YES;
				GCC_C_LANGUAGE_STANDARD = gnu99;
				GCC_DYNAMIC_NO_PIC = NO;
				GCC_NO_COMMON_BLOCKS = YES;
				GCC_OPTIMIZATION_LEVEL = 0;
				GCC_PREPROCESSOR_DEFINITIONS = (
					"DEBUG=1",
					"$(inherited)",
				);
				GCC_WARN_64_TO_32_BIT_CONVERSION = YES;
				GCC_WARN_ABOUT_RETURN_TYPE = YES_ERROR;
				GCC_WARN_UNDECLARED_SELECTOR = YES;
				GCC_WARN_UNINITIALIZED_AUTOS = YES_AGGRESSIVE;
				GCC_WARN_UNUSED_FUNCTION = YES;
				GCC_WARN_UNUSED_VARIABLE = YES;
				IPHONEOS_DEPLOYMENT_TARGET = 10.3;
				MTL_ENABLE_DEBUG_INFO = YES;
				ONLY_ACTIVE_ARCH = YES;
				SDKROOT = iphoneos;
				TARGETED_DEVICE_FAMILY = "1,2";
			};
			name = Debug;
		};
		788ACBD11F682F4A0054DD4C /* Release */ = {
			isa = XCBuildConfiguration;
			buildSettings = {
				ALWAYS_SEARCH_USER_PATHS = NO;
				CLANG_ANALYZER_NONNULL = YES;
				CLANG_ANALYZER_NUMBER_OBJECT_CONVERSION = YES_AGGRESSIVE;
				CLANG_CXX_LANGUAGE_STANDARD = "gnu++0x";
				CLANG_CXX_LIBRARY = "libc++";
				CLANG_ENABLE_MODULES = YES;
				CLANG_ENABLE_OBJC_ARC = YES;
				CLANG_WARN_BOOL_CONVERSION = YES;
				CLANG_WARN_CONSTANT_CONVERSION = YES;
				CLANG_WARN_DIRECT_OBJC_ISA_USAGE = YES_ERROR;
				CLANG_WARN_DOCUMENTATION_COMMENTS = YES;
				CLANG_WARN_EMPTY_BODY = YES;
				CLANG_WARN_ENUM_CONVERSION = YES;
				CLANG_WARN_INFINITE_RECURSION = YES;
				CLANG_WARN_INT_CONVERSION = YES;
				CLANG_WARN_OBJC_ROOT_CLASS = YES_ERROR;
				CLANG_WARN_SUSPICIOUS_MOVE = YES;
				CLANG_WARN_UNREACHABLE_CODE = YES;
				CLANG_WARN__DUPLICATE_METHOD_MATCH = YES;
				"CODE_SIGN_IDENTITY[sdk=iphoneos*]" = "iPhone Developer";
				COPY_PHASE_STRIP = NO;
				DEBUG_INFORMATION_FORMAT = "dwarf-with-dsym";
				ENABLE_NS_ASSERTIONS = NO;
				ENABLE_STRICT_OBJC_MSGSEND = YES;
				GCC_C_LANGUAGE_STANDARD = gnu99;
				GCC_NO_COMMON_BLOCKS = YES;
				GCC_WARN_64_TO_32_BIT_CONVERSION = YES;
				GCC_WARN_ABOUT_RETURN_TYPE = YES_ERROR;
				GCC_WARN_UNDECLARED_SELECTOR = YES;
				GCC_WARN_UNINITIALIZED_AUTOS = YES_AGGRESSIVE;
				GCC_WARN_UNUSED_FUNCTION = YES;
				GCC_WARN_UNUSED_VARIABLE = YES;
				IPHONEOS_DEPLOYMENT_TARGET = 10.3;
				MTL_ENABLE_DEBUG_INFO = NO;
				SDKROOT = iphoneos;
				TARGETED_DEVICE_FAMILY = "1,2";
				VALIDATE_PRODUCT = YES;
			};
			name = Release;
		};
		788ACBD31F682F4A0054DD4C /* Debug */ = {
			isa = XCBuildConfiguration;
			buildSettings = {
				ASSETCATALOG_COMPILER_APPICON_NAME = AppIcon;
				DEVELOPMENT_TEAM = 36DSW7DB5F;
				INFOPLIST_FILE = AJLineBarChart/Info.plist;
				LD_RUNPATH_SEARCH_PATHS = "$(inherited) @executable_path/Frameworks";
				PRODUCT_BUNDLE_IDENTIFIER = com.aj.AJLineBarChart;
				PRODUCT_NAME = "$(TARGET_NAME)";
			};
			name = Debug;
		};
		788ACBD41F682F4A0054DD4C /* Release */ = {
			isa = XCBuildConfiguration;
			buildSettings = {
				ASSETCATALOG_COMPILER_APPICON_NAME = AppIcon;
				DEVELOPMENT_TEAM = 36DSW7DB5F;
				INFOPLIST_FILE = AJLineBarChart/Info.plist;
				LD_RUNPATH_SEARCH_PATHS = "$(inherited) @executable_path/Frameworks";
				PRODUCT_BUNDLE_IDENTIFIER = com.aj.AJLineBarChart;
				PRODUCT_NAME = "$(TARGET_NAME)";
			};
			name = Release;
		};
		788ACBD61F682F4A0054DD4C /* Debug */ = {
			isa = XCBuildConfiguration;
			buildSettings = {
				BUNDLE_LOADER = "$(TEST_HOST)";
				DEVELOPMENT_TEAM = 36DSW7DB5F;
				INFOPLIST_FILE = AJLineBarChartTests/Info.plist;
				LD_RUNPATH_SEARCH_PATHS = "$(inherited) @executable_path/Frameworks @loader_path/Frameworks";
				PRODUCT_BUNDLE_IDENTIFIER = com.aj.AJLineBarChartTests;
				PRODUCT_NAME = "$(TARGET_NAME)";
				TEST_HOST = "$(BUILT_PRODUCTS_DIR)/AJLineBarChart.app/AJLineBarChart";
			};
			name = Debug;
		};
		788ACBD71F682F4A0054DD4C /* Release */ = {
			isa = XCBuildConfiguration;
			buildSettings = {
				BUNDLE_LOADER = "$(TEST_HOST)";
				DEVELOPMENT_TEAM = 36DSW7DB5F;
				INFOPLIST_FILE = AJLineBarChartTests/Info.plist;
				LD_RUNPATH_SEARCH_PATHS = "$(inherited) @executable_path/Frameworks @loader_path/Frameworks";
				PRODUCT_BUNDLE_IDENTIFIER = com.aj.AJLineBarChartTests;
				PRODUCT_NAME = "$(TARGET_NAME)";
				TEST_HOST = "$(BUILT_PRODUCTS_DIR)/AJLineBarChart.app/AJLineBarChart";
			};
			name = Release;
		};
		788ACBD91F682F4A0054DD4C /* Debug */ = {
			isa = XCBuildConfiguration;
			buildSettings = {
				DEVELOPMENT_TEAM = 36DSW7DB5F;
				INFOPLIST_FILE = AJLineBarChartUITests/Info.plist;
				LD_RUNPATH_SEARCH_PATHS = "$(inherited) @executable_path/Frameworks @loader_path/Frameworks";
				PRODUCT_BUNDLE_IDENTIFIER = com.aj.AJLineBarChartUITests;
				PRODUCT_NAME = "$(TARGET_NAME)";
				TEST_TARGET_NAME = AJLineBarChart;
			};
			name = Debug;
		};
		788ACBDA1F682F4A0054DD4C /* Release */ = {
			isa = XCBuildConfiguration;
			buildSettings = {
				DEVELOPMENT_TEAM = 36DSW7DB5F;
				INFOPLIST_FILE = AJLineBarChartUITests/Info.plist;
				LD_RUNPATH_SEARCH_PATHS = "$(inherited) @executable_path/Frameworks @loader_path/Frameworks";
				PRODUCT_BUNDLE_IDENTIFIER = com.aj.AJLineBarChartUITests;
				PRODUCT_NAME = "$(TARGET_NAME)";
				TEST_TARGET_NAME = AJLineBarChart;
			};
			name = Release;
		};
/* End XCBuildConfiguration section */

/* Begin XCConfigurationList section */
		788ACBA01F682F490054DD4C /* Build configuration list for PBXProject "AJLineBarChart" */ = {
			isa = XCConfigurationList;
			buildConfigurations = (
				788ACBD01F682F4A0054DD4C /* Debug */,
				788ACBD11F682F4A0054DD4C /* Release */,
			);
			defaultConfigurationIsVisible = 0;
			defaultConfigurationName = Release;
		};
		788ACBD21F682F4A0054DD4C /* Build configuration list for PBXNativeTarget "AJLineBarChart" */ = {
			isa = XCConfigurationList;
			buildConfigurations = (
				788ACBD31F682F4A0054DD4C /* Debug */,
				788ACBD41F682F4A0054DD4C /* Release */,
			);
			defaultConfigurationIsVisible = 0;
		};
		788ACBD51F682F4A0054DD4C /* Build configuration list for PBXNativeTarget "AJLineBarChartTests" */ = {
			isa = XCConfigurationList;
			buildConfigurations = (
				788ACBD61F682F4A0054DD4C /* Debug */,
				788ACBD71F682F4A0054DD4C /* Release */,
			);
			defaultConfigurationIsVisible = 0;
		};
		788ACBD81F682F4A0054DD4C /* Build configuration list for PBXNativeTarget "AJLineBarChartUITests" */ = {
			isa = XCConfigurationList;
			buildConfigurations = (
				788ACBD91F682F4A0054DD4C /* Debug */,
				788ACBDA1F682F4A0054DD4C /* Release */,
			);
			defaultConfigurationIsVisible = 0;
		};
/* End XCConfigurationList section */
	};
	rootObject = 788ACB9D1F682F490054DD4C /* Project object */;
}
